# THIS IS AN AUTOGENERATED FILE. DO NOT EDIT THIS FILE DIRECTLY.
# yarn lockfile v1


"@rails/ujs@^7.1.400":
  "integrity" "sha512-YwvXm3BR5tn+VCAKYGycLejMRVZE3Ionj5gFjEeGXCZnI0Rpi+7dKpmyu90kdUY7dRUFpHTdu9zZceEzFLl38w=="
  "resolved" "https://registry.npmjs.org/@rails/ujs/-/ujs-7.1.400.tgz"
  "version" "7.1.400"

"jquery@^3.7.1":
  "integrity" "sha512-m4avr8yL8kmFN8psrbFFFmB/If14iN5o9nw/NgnnM+kybDJpRsAynV2BsfpTYrTRysYUdADVD7CkUUizgkpLfg=="
  "resolved" "https://registry.npmjs.org/jquery/-/jquery-3.7.1.tgz"
  "version" "3.7.1"

"leaflet@^1.9.4":
  "integrity" "sha512-nxS1ynzJOmOlHp+iL3FyWqK89GtNL8U8rvlMOsQdTTssxZwCXh8N2NB3GDQOL+YR3XnWyZAxwQixURb+FA74PA=="
  "resolved" "https://registry.npmjs.org/leaflet/-/leaflet-1.9.4.tgz"
  "version" "1.9.4"
