# THIS IS AN AUTOGENERATED FILE. DO NOT EDIT THIS FILE DIRECTLY.
# yarn lockfile v1


"@rails/ujs@^7.0.0":
  "integrity" "sha512-VU/tKKEj0+4QvhxkWBUwINCimtxYjy702ecvUpNUtDukilAsv4fmc/vTH5b/gSNuT5wVRf3h7o27W+JssTu4nQ=="
  "resolved" "https://registry.npmjs.org/@rails/ujs/-/ujs-7.0.0.tgz"
  "version" "7.0.0"

"jquery@^3.7.1":
  "integrity" "sha512-m4avr8yL8kmFN8psrbFFFmB/If14iN5o9nw/NgnnM+kybDJpRsAynV2BsfpTYrTRysYUdADVD7CkUUizgkpLfg=="
  "resolved" "https://registry.npmjs.org/jquery/-/jquery-3.7.1.tgz"
  "version" "3.7.1"
